// !$*UTF8*$!
{
	archiveVersion = 1;
	classes = {
	};
	objectVersion = 50;
	objects = {

/* Begin PBXBuildFile section */
		0EFD913E2599DC7E00C62CCA /* AppDelegate.swift in Sources */ = {isa = PBXBuildFile; fileRef = 0EFD913D2599DC7E00C62CCA /* AppDelegate.swift */; };
		0EFD91402599DC7E00C62CCA /* SceneDelegate.swift in Sources */ = {isa = PBXBuildFile; fileRef = 0EFD913F2599DC7E00C62CCA /* SceneDelegate.swift */; };
		0EFD91422599DC7F00C62CCA /* ContentView.swift in Sources */ = {isa = PBXBuildFile; fileRef = 0EFD91412599DC7F00C62CCA /* ContentView.swift */; };
		0EFD91442599DC8200C62CCA /* Assets.xcassets in Resources */ = {isa = PBXBuildFile; fileRef = 0EFD91432599DC8200C62CCA /* Assets.xcassets */; };
		0EFD91472599DC8200C62CCA /* Preview Assets.xcassets in Resources */ = {isa = PBXBuildFile; fileRef = 0EFD91462599DC8200C62CCA /* Preview Assets.xcassets */; };
		0EFD914A2599DC8200C62CCA /* LaunchScreen.storyboard in Resources */ = {isa = PBXBuildFile; fileRef = 0EFD91482599DC8200C62CCA /* LaunchScreen.storyboard */; };
		0EFD91532599DD9700C62CCA /* CustomSearchBar.swift in Sources */ = {isa = PBXBuildFile; fileRef = 0EFD91522599DD9700C62CCA /* CustomSearchBar.swift */; };
/* End PBXBuildFile section */

/* Begin PBXFileReference section */
		0EFD913A2599DC7E00C62CCA /* SearchBar.app */ = {isa = PBXFileReference; explicitFileType = wrapper.application; includeInIndex = 0; path = SearchBar.app; sourceTree = BUILT_PRODUCTS_DIR; };
		0EFD913D2599DC7E00C62CCA /* AppDelegate.swift */ = {isa = PBXFileReference; lastKnownFileType = sourcecode.swift; path = AppDelegate.swift; sourceTree = "<group>"; };
		0EFD913F2599DC7E00C62CCA /* SceneDelegate.swift */ = {isa = PBXFileReference; lastKnownFileType = sourcecode.swift; path = SceneDelegate.swift; sourceTree = "<group>"; };
		0EFD91412599DC7F00C62CCA /* ContentView.swift */ = {isa = PBXFileReference; lastKnownFileType = sourcecode.swift; path = ContentView.swift; sourceTree = "<group>"; };
		0EFD91432599DC8200C62CCA /* Assets.xcassets */ = {isa = PBXFileReference; lastKnownFileType = folder.assetcatalog; path = Assets.xcassets; sourceTree = "<group>"; };
		0EFD91462599DC8200C62CCA /* Preview Assets.xcassets */ = {isa = PBXFileReference; lastKnownFileType = folder.assetcatalog; path = "Preview Assets.xcassets"; sourceTree = "<group>"; };
		0EFD91492599DC8200C62CCA /* Base */ = {isa = PBXFileReference; lastKnownFileType = file.storyboard; name = Base; path = Base.lproj/LaunchScreen.storyboard; sourceTree = "<group>"; };
		0EFD914B2599DC8200C62CCA /* Info.plist */ = {isa = PBXFileReference; lastKnownFileType = text.plist.xml; path = Info.plist; sourceTree = "<group>"; };
		0EFD91522599DD9700C62CCA /* CustomSearchBar.swift */ = {isa = PBXFileReference; lastKnownFileType = sourcecode.swift; path = CustomSearchBar.swift; sourceTree = "<group>"; };
/* End PBXFileReference section */

/* Begin PBXFrameworksBuildPhase section */
		0EFD91372599DC7E00C62CCA /* Frameworks */ = {
			isa = PBXFrameworksBuildPhase;
			buildActionMask = 2147483647;
			files = (
			);
			runOnlyForDeploymentPostprocessing = 0;
		};
/* End PBXFrameworksBuildPhase section */

/* Begin PBXGroup section */
		0EFD91312599DC7E00C62CCA = {
			isa = PBXGroup;
			children = (
				0EFD913C2599DC7E00C62CCA /* SearchBar */,
				0EFD913B2599DC7E00C62CCA /* Products */,
			);
			sourceTree = "<group>";
		};
		0EFD913B2599DC7E00C62CCA /* Products */ = {
			isa = PBXGroup;
			children = (
				0EFD913A2599DC7E00C62CCA /* SearchBar.app */,
			);
			name = Products;
			sourceTree = "<group>";
		};
		0EFD913C2599DC7E00C62CCA /* SearchBar */ = {
			isa = PBXGroup;
			children = (
				0EFD913D2599DC7E00C62CCA /* AppDelegate.swift */,
				0EFD913F2599DC7E00C62CCA /* SceneDelegate.swift */,
				0EFD91412599DC7F00C62CCA /* ContentView.swift */,
				0EFD91432599DC8200C62CCA /* Assets.xcassets */,
				0EFD91482599DC8200C62CCA /* LaunchScreen.storyboard */,
				0EFD914B2599DC8200C62CCA /* Info.plist */,
				0EFD91452599DC8200C62CCA /* Preview Content */,
				0EFD91522599DD9700C62CCA /* CustomSearchBar.swift */,
			);
			path = SearchBar;
			sourceTree = "<group>";
		};
		0EFD91452599DC8200C62CCA /* Preview Content */ = {
			isa = PBXGroup;
			children = (
				0EFD91462599DC8200C62CCA /* Preview Assets.xcassets */,
			);
			path = "Preview Content";
			sourceTree = "<group>";
		};
/* End PBXGroup section */

/* Begin PBXNativeTarget section */
		0EFD91392599DC7E00C62CCA /* SearchBar */ = {
			isa = PBXNativeTarget;
			buildConfigurationList = 0EFD914E2599DC8200C62CCA /* Build configuration list for PBXNativeTarget "SearchBar" */;
			buildPhases = (
				0EFD91362599DC7E00C62CCA /* Sources */,
				0EFD91372599DC7E00C62CCA /* Frameworks */,
				0EFD91382599DC7E00C62CCA /* Resources */,
			);
			buildRules = (
			);
			dependencies = (
			);
			name = SearchBar;
			productName = SearchBar;
			productReference = 0EFD913A2599DC7E00C62CCA /* SearchBar.app */;
			productType = "com.apple.product-type.application";
		};
/* End PBXNativeTarget section */

/* Begin PBXProject section */
		0EFD91322599DC7E00C62CCA /* Project object */ = {
			isa = PBXProject;
			attributes = {
				LastSwiftUpdateCheck = 1200;
				LastUpgradeCheck = 1200;
				TargetAttributes = {
					0EFD91392599DC7E00C62CCA = {
						CreatedOnToolsVersion = 12.0.1;
					};
				};
			};
			buildConfigurationList = 0EFD91352599DC7E00C62CCA /* Build configuration list for PBXProject "SearchBar" */;
			compatibilityVersion = "Xcode 9.3";
			developmentRegion = en;
			hasScannedForEncodings = 0;
			knownRegions = (
				en,
				Base,
			);
			mainGroup = 0EFD91312599DC7E00C62CCA;
			productRefGroup = 0EFD913B2599DC7E00C62CCA /* Products */;
			projectDirPath = "";
			projectRoot = "";
			targets = (
				0EFD91392599DC7E00C62CCA /* SearchBar */,
			);
		};
/* End PBXProject section */

/* Begin PBXResourcesBuildPhase section */
		0EFD91382599DC7E00C62CCA /* Resources */ = {
			isa = PBXResourcesBuildPhase;
			buildActionMask = 2147483647;
			files = (
				0EFD914A2599DC8200C62CCA /* LaunchScreen.storyboard in Resources */,
				0EFD91472599DC8200C62CCA /* Preview Assets.xcassets in Resources */,
				0EFD91442599DC8200C62CCA /* Assets.xcassets in Resources */,
			);
			runOnlyForDeploymentPostprocessing = 0;
		};
/* End PBXResourcesBuildPhase section */

/* Begin PBXSourcesBuildPhase section */
		0EFD91362599DC7E00C62CCA /* Sources */ = {
			isa = PBXSourcesBuildPhase;
			buildActionMask = 2147483647;
			files = (
				0EFD913E2599DC7E00C62CCA /* AppDelegate.swift in Sources */,
				0EFD91402599DC7E00C62CCA /* SceneDelegate.swift in Sources */,
				0EFD91532599DD9700C62CCA /* CustomSearchBar.swift in Sources */,
				0EFD91422599DC7F00C62CCA /* ContentView.swift in Sources */,
			);
			runOnlyForDeploymentPostprocessing = 0;
		};
/* End PBXSourcesBuildPhase section */

/* Begin PBXVariantGroup section */
		0EFD91482599DC8200C62CCA /* LaunchScreen.storyboard */ = {
			isa = PBXVariantGroup;
			children = (
				0EFD91492599DC8200C62CCA /* Base */,
			);
			name = LaunchScreen.storyboard;
			sourceTree = "<group>";
		};
/* End PBXVariantGroup section */

/* Begin XCBuildConfiguration section */
		0EFD914C2599DC8200C62CCA /* Debug */ = {
			isa = XCBuildConfiguration;
			buildSettings = {
				ALWAYS_SEARCH_USER_PATHS = NO;
				CLANG_ANALYZER_NONNULL = YES;
				CLANG_ANALYZER_NUMBER_OBJECT_CONVERSION = YES_AGGRESSIVE;
				CLANG_CXX_LANGUAGE_STANDARD = "gnu++14";
				CLANG_CXX_LIBRARY = "libc++";
				CLANG_ENABLE_MODULES = YES;
				CLANG_ENABLE_OBJC_ARC = YES;
				CLANG_ENABLE_OBJC_WEAK = YES;
				CLANG_WARN_BLOCK_CAPTURE_AUTORELEASING = YES;
				CLANG_WARN_BOOL_CONVERSION = YES;
				CLANG_WARN_COMMA = YES;
				CLANG_WARN_CONSTANT_CONVERSION = YES;
				CLANG_WARN_DEPRECATED_OBJC_IMPLEMENTATIONS = YES;
				CLANG_WARN_DIRECT_OBJC_ISA_USAGE = YES_ERROR;
				CLANG_WARN_DOCUMENTATION_COMMENTS = YES;
				CLANG_WARN_EMPTY_BODY = YES;
				CLANG_WARN_ENUM_CONVERSION = YES;
				CLANG_WARN_INFINITE_RECURSION = YES;
				CLANG_WARN_INT_CONVERSION = YES;
				CLANG_WARN_NON_LITERAL_NULL_CONVERSION = YES;
				CLANG_WARN_OBJC_IMPLICIT_RETAIN_SELF = YES;
				CLANG_WARN_OBJC_LITERAL_CONVERSION = YES;
				CLANG_WARN_OBJC_ROOT_CLASS = YES_ERROR;
				CLANG_WARN_QUOTED_INCLUDE_IN_FRAMEWORK_HEADER = YES;
				CLANG_WARN_RANGE_LOOP_ANALYSIS = YES;
				CLANG_WARN_STRICT_PROTOTYPES = YES;
				CLANG_WARN_SUSPICIOUS_MOVE = YES;
				CLANG_WARN_UNGUARDED_AVAILABILITY = YES_AGGRESSIVE;
				CLANG_WARN_UNREACHABLE_CODE = YES;
				CLANG_WARN__DUPLICATE_METHOD_MATCH = YES;
				COPY_PHASE_STRIP = NO;
				DEBUG_INFORMATION_FORMAT = dwarf;
				ENABLE_STRICT_OBJC_MSGSEND = YES;
				ENABLE_TESTABILITY = YES;
				GCC_C_LANGUAGE_STANDARD = gnu11;
				GCC_DYNAMIC_NO_PIC = NO;
				GCC_NO_COMMON_BLOCKS = YES;
				GCC_OPTIMIZATION_LEVEL = 0;
				GCC_PREPROCESSOR_DEFINITIONS = (
					"DEBUG=1",
					"$(inherited)",
				);
				GCC_WARN_64_TO_32_BIT_CONVERSION = YES;
				GCC_WARN_ABOUT_RETURN_TYPE = YES_ERROR;
				GCC_WARN_UNDECLARED_SELECTOR = YES;
				GCC_WARN_UNINITIALIZED_AUTOS = YES_AGGRESSIVE;
				GCC_WARN_UNUSED_FUNCTION = YES;
				GCC_WARN_UNUSED_VARIABLE = YES;
				IPHONEOS_DEPLOYMENT_TARGET = 14.0;
				MTL_ENABLE_DEBUG_INFO = INCLUDE_SOURCE;
				MTL_FAST_MATH = YES;
				ONLY_ACTIVE_ARCH = YES;
				SDKROOT = iphoneos;
				SWIFT_ACTIVE_COMPILATION_CONDITIONS = DEBUG;
				SWIFT_OPTIMIZATION_LEVEL = "-Onone";
			};
			name = Debug;
		};
		0EFD914D2599DC8200C62CCA /* Release */ = {
			isa = XCBuildConfiguration;
			buildSettings = {
				ALWAYS_SEARCH_USER_PATHS = NO;
				CLANG_ANALYZER_NONNULL = YES;
				CLANG_ANALYZER_NUMBER_OBJECT_CONVERSION = YES_AGGRESSIVE;
				CLANG_CXX_LANGUAGE_STANDARD = "gnu++14";
				CLANG_CXX_LIBRARY = "libc++";
				CLANG_ENABLE_MODULES = YES;
				CLANG_ENABLE_OBJC_ARC = YES;
				CLANG_ENABLE_OBJC_WEAK = YES;
				CLANG_WARN_BLOCK_CAPTURE_AUTORELEASING = YES;
				CLANG_WARN_BOOL_CONVERSION = YES;
				CLANG_WARN_COMMA = YES;
				CLANG_WARN_CONSTANT_CONVERSION = YES;
				CLANG_WARN_DEPRECATED_OBJC_IMPLEMENTATIONS = YES;
				CLANG_WARN_DIRECT_OBJC_ISA_USAGE = YES_ERROR;
				CLANG_WARN_DOCUMENTATION_COMMENTS = YES;
				CLANG_WARN_EMPTY_BODY = YES;
				CLANG_WARN_ENUM_CONVERSION = YES;
				CLANG_WARN_INFINITE_RECURSION = YES;
				CLANG_WARN_INT_CONVERSION = YES;
				CLANG_WARN_NON_LITERAL_NULL_CONVERSION = YES;
				CLANG_WARN_OBJC_IMPLICIT_RETAIN_SELF = YES;
				CLANG_WARN_OBJC_LITERAL_CONVERSION = YES;
				CLANG_WARN_OBJC_ROOT_CLASS = YES_ERROR;
				CLANG_WARN_QUOTED_INCLUDE_IN_FRAMEWORK_HEADER = YES;
				CLANG_WARN_RANGE_LOOP_ANALYSIS = YES;
				CLANG_WARN_STRICT_PROTOTYPES = YES;
				CLANG_WARN_SUSPICIOUS_MOVE = YES;
				CLANG_WARN_UNGUARDED_AVAILABILITY = YES_AGGRESSIVE;
				CLANG_WARN_UNREACHABLE_CODE = YES;
				CLANG_WARN__DUPLICATE_METHOD_MATCH = YES;
				COPY_PHASE_STRIP = NO;
				DEBUG_INFORMATION_FORMAT = "dwarf-with-dsym";
				ENABLE_NS_ASSERTIONS = NO;
				ENABLE_STRICT_OBJC_MSGSEND = YES;
				GCC_C_LANGUAGE_STANDARD = gnu11;
				GCC_NO_COMMON_BLOCKS = YES;
				GCC_WARN_64_TO_32_BIT_CONVERSION = YES;
				GCC_WARN_ABOUT_RETURN_TYPE = YES_ERROR;
				GCC_WARN_UNDECLARED_SELECTOR = YES;
				GCC_WARN_UNINITIALIZED_AUTOS = YES_AGGRESSIVE;
				GCC_WARN_UNUSED_FUNCTION = YES;
				GCC_WARN_UNUSED_VARIABLE = YES;
				IPHONEOS_DEPLOYMENT_TARGET = 14.0;
				MTL_ENABLE_DEBUG_INFO = NO;
				MTL_FAST_MATH = YES;
				SDKROOT = iphoneos;
				SWIFT_COMPILATION_MODE = wholemodule;
				SWIFT_OPTIMIZATION_LEVEL = "-O";
				VALIDATE_PRODUCT = YES;
			};
			name = Release;
		};
		0EFD914F2599DC8200C62CCA /* Debug */ = {
			isa = XCBuildConfiguration;
			buildSettings = {
				ASSETCATALOG_COMPILER_APPICON_NAME = AppIcon;
				ASSETCATALOG_COMPILER_GLOBAL_ACCENT_COLOR_NAME = AccentColor;
				CODE_SIGN_STYLE = Automatic;
				DEVELOPMENT_ASSET_PATHS = "\"SearchBar/Preview Content\"";
				ENABLE_PREVIEWS = YES;
				INFOPLIST_FILE = SearchBar/Info.plist;
				LD_RUNPATH_SEARCH_PATHS = (
					"$(inherited)",
					"@executable_path/Frameworks",
				);
				PRODUCT_BUNDLE_IDENTIFIER = LetCreateAnApp.SearchBar;
				PRODUCT_NAME = "$(TARGET_NAME)";
				SWIFT_VERSION = 5.0;
				TARGETED_DEVICE_FAMILY = "1,2";
			};
			name = Debug;
		};
		0EFD91502599DC8200C62CCA /* Release */ = {
			isa = XCBuildConfiguration;
			buildSettings = {
				ASSETCATALOG_COMPILER_APPICON_NAME = AppIcon;
				ASSETCATALOG_COMPILER_GLOBAL_ACCENT_COLOR_NAME = AccentColor;
				CODE_SIGN_STYLE = Automatic;
				DEVELOPMENT_ASSET_PATHS = "\"SearchBar/Preview Content\"";
				ENABLE_PREVIEWS = YES;
				INFOPLIST_FILE = SearchBar/Info.plist;
				LD_RUNPATH_SEARCH_PATHS = (
					"$(inherited)",
					"@executable_path/Frameworks",
				);
				PRODUCT_BUNDLE_IDENTIFIER = LetCreateAnApp.SearchBar;
				PRODUCT_NAME = "$(TARGET_NAME)";
				SWIFT_VERSION = 5.0;
				TARGETED_DEVICE_FAMILY = "1,2";
			};
			name = Release;
		};
/* End XCBuildConfiguration section */

/* Begin XCConfigurationList section */
		0EFD91352599DC7E00C62CCA /* Build configuration list for PBXProject "SearchBar" */ = {
			isa = XCConfigurationList;
			buildConfigurations = (
				0EFD914C2599DC8200C62CCA /* Debug */,
				0EFD914D2599DC8200C62CCA /* Release */,
			);
			defaultConfigurationIsVisible = 0;
			defaultConfigurationName = Release;
		};
		0EFD914E2599DC8200C62CCA /* Build configuration list for PBXNativeTarget "SearchBar" */ = {
			isa = XCConfigurationList;
			buildConfigurations = (
				0EFD914F2599DC8200C62CCA /* Debug */,
				0EFD91502599DC8200C62CCA /* Release */,
			);
			defaultConfigurationIsVisible = 0;
			defaultConfigurationName = Release;
		};
/* End XCConfigurationList section */
	};
	rootObject = 0EFD91322599DC7E00C62CCA /* Project object */;
}
